Microsoft Visual Studio Solution File, Format Version 12.00
# Visual Studio 2012
Project("{FAE04EC0-301F-11D3-BF4B-00C04F79EFBC}") = "Slimechanical", "Slimechanical.csproj", "{7A0C063C-7AD4-48FC-AAA3-A9B3D39FB978}"
EndProject
Global
	GlobalSection(SolutionConfigurationPlatforms) = preSolution
	Debug|Any CPU = Debug|Any CPU
	ExportDebug|Any CPU = ExportDebug|Any CPU
	ExportRelease|Any CPU = ExportRelease|Any CPU
	EndGlobalSection
	GlobalSection(ProjectConfigurationPlatforms) = postSolution
		{7A0C063C-7AD4-48FC-AAA3-A9B3D39FB978}.Debug|Any CPU.ActiveCfg = Debug|Any CPU
		{7A0C063C-7AD4-48FC-AAA3-A9B3D39FB978}.Debug|Any CPU.Build.0 = Debug|Any CPU
		{7A0C063C-7AD4-48FC-AAA3-A9B3D39FB978}.ExportDebug|Any CPU.ActiveCfg = ExportDebug|Any CPU
		{7A0C063C-7AD4-48FC-AAA3-A9B3D39FB978}.ExportDebug|Any CPU.Build.0 = ExportDebug|Any CPU
		{7A0C063C-7AD4-48FC-AAA3-A9B3D39FB978}.ExportRelease|Any CPU.ActiveCfg = ExportRelease|Any CPU
		{7A0C063C-7AD4-48FC-AAA3-A9B3D39FB978}.ExportRelease|Any CPU.Build.0 = ExportRelease|Any CPU
	EndGlobalSection
EndGlobal
